open System

// Функция для нахождения максимальной цифры в числе
let maxchislo (n: int) =
    n.ToString()
    |> Seq.map (fun c -> int c - int '0')
    |> Seq.max

// Функция для обработки списка чисел
let processList (numbers: int list) : int list =
    numbers |> List.map maxchislo

// Функция для безопасного ввода списка натуральных чисел
let readNumbers () =
    printfn "Введите натуральные числа через пробел:"
    let input = Console.ReadLine()

    try
        input.Split([|' '|], StringSplitOptions.RemoveEmptyEntries)
        |> List.ofSeq
        |> List.map (fun x -> 
            if x.Contains('.') || x.Contains(',') then 
                raise (System.FormatException("Число не должно быть дробным!"))
            
            let num = int x
            if num <= 0 then raise (System.FormatException("Число должно быть натуральным!"))
            num
        )
    with
    | :? System.FormatException as e -> 
        printfn "Ошибка: %s" e.Message
        []  // Возвращаем пустой список вместо повторного ввода

// Функция для генерации случайного списка чисел
let randomchislo (count: int) (min: int) (max: int) =
    let rand = Random()
    List.init count (fun _ -> rand.Next(min, max + 1))

// Основная программа
[<EntryPoint>]
let main argv =
    // Запрос выбора от пользователя
    printfn "Выберите способ ввода данных:"
    printfn "1. Ввод чисел с клавиатуры"
    printfn "2. Генерация случайных чисел"
    printf "Введите 1 или 2: "
    let choice = Console.ReadLine()

    let numbers =
        match choice with
        | "1" -> 
            let input = readNumbers()
            if input.IsEmpty then 
                printfn "Программа завершена из-за ошибки ввода."
                exit 1 // Код ошибки
            else input
        | "2" -> 
            printf "Введите количество случайных чисел: "
            let count = int (Console.ReadLine())
            printf "Введите минимальное значение: "
            let min = int (Console.ReadLine())
            printf "Введите максимальное значение: "
            let max = int (Console.ReadLine())
            randomchislo count min max
        | _ -> 
            printfn "Некорректный выбор. Программа завершена."
            exit 1 // Код ошибки

    let result = processList numbers
    printfn "Максимальные цифры в каждом числе: %A" result
    0  // Код успешного завершения
